// !$*UTF8*$!
{
	archiveVersion = 1;
	classes = {
	};
	objectVersion = 46;
	objects = {

/* Begin PBXBuildFile section */
		478037761C03C42000633E54 /* DatabaseModel.xcdatamodeld in Sources */ = {isa = PBXBuildFile; fileRef = 478037731C03C42000633E54 /* DatabaseModel.xcdatamodeld */; };
		478037771C03C42000633E54 /* User.swift in Sources */ = {isa = PBXBuildFile; fileRef = 478037751C03C42000633E54 /* User.swift */; };
		4780377C1C03C44500633E54 /* DALContext.swift in Sources */ = {isa = PBXBuildFile; fileRef = 478037791C03C44500633E54 /* DALContext.swift */; };
		4780377D1C03C44500633E54 /* DatabaseContext.swift in Sources */ = {isa = PBXBuildFile; fileRef = 4780377A1C03C44500633E54 /* DatabaseContext.swift */; };
		4780377E1C03C44500633E54 /* Repository.swift in Sources */ = {isa = PBXBuildFile; fileRef = 4780377B1C03C44500633E54 /* Repository.swift */; };
		478037841C03C48700633E54 /* BLLContext.swift in Sources */ = {isa = PBXBuildFile; fileRef = 478037801C03C48700633E54 /* BLLContext.swift */; };
		478037851C03C48700633E54 /* Service.swift in Sources */ = {isa = PBXBuildFile; fileRef = 478037811C03C48700633E54 /* Service.swift */; };
		478037861C03C48700633E54 /* UserService.swift in Sources */ = {isa = PBXBuildFile; fileRef = 478037831C03C48700633E54 /* UserService.swift */; };
		D17EC7381BFF10DB000BF158 /* AppDelegate.swift in Sources */ = {isa = PBXBuildFile; fileRef = D17EC7371BFF10DB000BF158 /* AppDelegate.swift */; };
		D17EC73A1BFF10DB000BF158 /* ViewController.swift in Sources */ = {isa = PBXBuildFile; fileRef = D17EC7391BFF10DB000BF158 /* ViewController.swift */; };
		D17EC73D1BFF10DB000BF158 /* Main.storyboard in Resources */ = {isa = PBXBuildFile; fileRef = D17EC73B1BFF10DB000BF158 /* Main.storyboard */; };
		D17EC73F1BFF10DB000BF158 /* Assets.xcassets in Resources */ = {isa = PBXBuildFile; fileRef = D17EC73E1BFF10DB000BF158 /* Assets.xcassets */; };
		D17EC7421BFF10DB000BF158 /* LaunchScreen.storyboard in Resources */ = {isa = PBXBuildFile; fileRef = D17EC7401BFF10DB000BF158 /* LaunchScreen.storyboard */; };
/* End PBXBuildFile section */

/* Begin PBXFileReference section */
		478037741C03C42000633E54 /* DatabaseModel.xcdatamodel */ = {isa = PBXFileReference; lastKnownFileType = wrapper.xcdatamodel; path = DatabaseModel.xcdatamodel; sourceTree = "<group>"; };
		478037751C03C42000633E54 /* User.swift */ = {isa = PBXFileReference; fileEncoding = 4; lastKnownFileType = sourcecode.swift; path = User.swift; sourceTree = "<group>"; };
		478037791C03C44500633E54 /* DALContext.swift */ = {isa = PBXFileReference; fileEncoding = 4; lastKnownFileType = sourcecode.swift; path = DALContext.swift; sourceTree = "<group>"; };
		4780377A1C03C44500633E54 /* DatabaseContext.swift */ = {isa = PBXFileReference; fileEncoding = 4; lastKnownFileType = sourcecode.swift; path = DatabaseContext.swift; sourceTree = "<group>"; };
		4780377B1C03C44500633E54 /* Repository.swift */ = {isa = PBXFileReference; fileEncoding = 4; lastKnownFileType = sourcecode.swift; path = Repository.swift; sourceTree = "<group>"; };
		478037801C03C48700633E54 /* BLLContext.swift */ = {isa = PBXFileReference; fileEncoding = 4; lastKnownFileType = sourcecode.swift; path = BLLContext.swift; sourceTree = "<group>"; };
		478037811C03C48700633E54 /* Service.swift */ = {isa = PBXFileReference; fileEncoding = 4; lastKnownFileType = sourcecode.swift; path = Service.swift; sourceTree = "<group>"; };
		478037831C03C48700633E54 /* UserService.swift */ = {isa = PBXFileReference; fileEncoding = 4; lastKnownFileType = sourcecode.swift; path = UserService.swift; sourceTree = "<group>"; };
		D17EC7341BFF10DB000BF158 /* swift-core-data-architecture.app */ = {isa = PBXFileReference; explicitFileType = wrapper.application; includeInIndex = 0; path = "swift-core-data-architecture.app"; sourceTree = BUILT_PRODUCTS_DIR; };
		D17EC7371BFF10DB000BF158 /* AppDelegate.swift */ = {isa = PBXFileReference; lastKnownFileType = sourcecode.swift; path = AppDelegate.swift; sourceTree = "<group>"; };
		D17EC7391BFF10DB000BF158 /* ViewController.swift */ = {isa = PBXFileReference; lastKnownFileType = sourcecode.swift; path = ViewController.swift; sourceTree = "<group>"; };
		D17EC73C1BFF10DB000BF158 /* Base */ = {isa = PBXFileReference; lastKnownFileType = file.storyboard; name = Base; path = Base.lproj/Main.storyboard; sourceTree = "<group>"; };
		D17EC73E1BFF10DB000BF158 /* Assets.xcassets */ = {isa = PBXFileReference; lastKnownFileType = folder.assetcatalog; path = Assets.xcassets; sourceTree = "<group>"; };
		D17EC7411BFF10DB000BF158 /* Base */ = {isa = PBXFileReference; lastKnownFileType = file.storyboard; name = Base; path = Base.lproj/LaunchScreen.storyboard; sourceTree = "<group>"; };
		D17EC7431BFF10DB000BF158 /* Info.plist */ = {isa = PBXFileReference; lastKnownFileType = text.plist.xml; path = Info.plist; sourceTree = "<group>"; };
/* End PBXFileReference section */

/* Begin PBXFrameworksBuildPhase section */
		D17EC7311BFF10DB000BF158 /* Frameworks */ = {
			isa = PBXFrameworksBuildPhase;
			buildActionMask = 2147483647;
			files = (
			);
			runOnlyForDeploymentPostprocessing = 0;
		};
/* End PBXFrameworksBuildPhase section */

/* Begin PBXGroup section */
		478037721C03C42000633E54 /* Model */ = {
			isa = PBXGroup;
			children = (
				478037731C03C42000633E54 /* DatabaseModel.xcdatamodeld */,
				478037751C03C42000633E54 /* User.swift */,
			);
			path = Model;
			sourceTree = "<group>";
		};
		478037781C03C44500633E54 /* Data Access Layer */ = {
			isa = PBXGroup;
			children = (
				478037791C03C44500633E54 /* DALContext.swift */,
				4780377A1C03C44500633E54 /* DatabaseContext.swift */,
				4780377B1C03C44500633E54 /* Repository.swift */,
			);
			path = "Data Access Layer";
			sourceTree = "<group>";
		};
		4780377F1C03C48700633E54 /* Business Logic Layer */ = {
			isa = PBXGroup;
			children = (
				478037801C03C48700633E54 /* BLLContext.swift */,
				478037811C03C48700633E54 /* Service.swift */,
				478037821C03C48700633E54 /* Services */,
			);
			path = "Business Logic Layer";
			sourceTree = "<group>";
		};
		478037821C03C48700633E54 /* Services */ = {
			isa = PBXGroup;
			children = (
				478037831C03C48700633E54 /* UserService.swift */,
			);
			path = Services;
			sourceTree = "<group>";
		};
		D17EC72B1BFF10DB000BF158 = {
			isa = PBXGroup;
			children = (
				D17EC7361BFF10DB000BF158 /* swift-core-data-architecture */,
				D17EC7351BFF10DB000BF158 /* Products */,
			);
			sourceTree = "<group>";
		};
		D17EC7351BFF10DB000BF158 /* Products */ = {
			isa = PBXGroup;
			children = (
				D17EC7341BFF10DB000BF158 /* swift-core-data-architecture.app */,
			);
			name = Products;
			sourceTree = "<group>";
		};
		D17EC7361BFF10DB000BF158 /* swift-core-data-architecture */ = {
			isa = PBXGroup;
			children = (
				478037721C03C42000633E54 /* Model */,
				478037781C03C44500633E54 /* Data Access Layer */,
				4780377F1C03C48700633E54 /* Business Logic Layer */,
				D17EC7371BFF10DB000BF158 /* AppDelegate.swift */,
				D17EC7391BFF10DB000BF158 /* ViewController.swift */,
				D17EC73B1BFF10DB000BF158 /* Main.storyboard */,
				D17EC73E1BFF10DB000BF158 /* Assets.xcassets */,
				D17EC7401BFF10DB000BF158 /* LaunchScreen.storyboard */,
				D17EC7431BFF10DB000BF158 /* Info.plist */,
			);
			path = "swift-core-data-architecture";
			sourceTree = "<group>";
		};
/* End PBXGroup section */

/* Begin PBXNativeTarget section */
		D17EC7331BFF10DB000BF158 /* swift-core-data-architecture */ = {
			isa = PBXNativeTarget;
			buildConfigurationList = D17EC7461BFF10DB000BF158 /* Build configuration list for PBXNativeTarget "swift-core-data-architecture" */;
			buildPhases = (
				D17EC7301BFF10DB000BF158 /* Sources */,
				D17EC7311BFF10DB000BF158 /* Frameworks */,
				D17EC7321BFF10DB000BF158 /* Resources */,
			);
			buildRules = (
			);
			dependencies = (
			);
			name = "swift-core-data-architecture";
			productName = "swift-core-data-architecture";
			productReference = D17EC7341BFF10DB000BF158 /* swift-core-data-architecture.app */;
			productType = "com.apple.product-type.application";
		};
/* End PBXNativeTarget section */

/* Begin PBXProject section */
		D17EC72C1BFF10DB000BF158 /* Project object */ = {
			isa = PBXProject;
			attributes = {
				LastUpgradeCheck = 0700;
				ORGANIZATIONNAME = "Matthias Holdorf";
				TargetAttributes = {
					D17EC7331BFF10DB000BF158 = {
						CreatedOnToolsVersion = 7.0.1;
						DevelopmentTeam = X2YS2J6PCZ;
					};
				};
			};
			buildConfigurationList = D17EC72F1BFF10DB000BF158 /* Build configuration list for PBXProject "swift-core-data-architecture" */;
			compatibilityVersion = "Xcode 3.2";
			developmentRegion = English;
			hasScannedForEncodings = 0;
			knownRegions = (
				en,
				Base,
			);
			mainGroup = D17EC72B1BFF10DB000BF158;
			productRefGroup = D17EC7351BFF10DB000BF158 /* Products */;
			projectDirPath = "";
			projectRoot = "";
			targets = (
				D17EC7331BFF10DB000BF158 /* swift-core-data-architecture */,
			);
		};
/* End PBXProject section */

/* Begin PBXResourcesBuildPhase section */
		D17EC7321BFF10DB000BF158 /* Resources */ = {
			isa = PBXResourcesBuildPhase;
			buildActionMask = 2147483647;
			files = (
				D17EC7421BFF10DB000BF158 /* LaunchScreen.storyboard in Resources */,
				D17EC73F1BFF10DB000BF158 /* Assets.xcassets in Resources */,
				D17EC73D1BFF10DB000BF158 /* Main.storyboard in Resources */,
			);
			runOnlyForDeploymentPostprocessing = 0;
		};
/* End PBXResourcesBuildPhase section */

/* Begin PBXSourcesBuildPhase section */
		D17EC7301BFF10DB000BF158 /* Sources */ = {
			isa = PBXSourcesBuildPhase;
			buildActionMask = 2147483647;
			files = (
				4780377D1C03C44500633E54 /* DatabaseContext.swift in Sources */,
				478037761C03C42000633E54 /* DatabaseModel.xcdatamodeld in Sources */,
				478037841C03C48700633E54 /* BLLContext.swift in Sources */,
				4780377C1C03C44500633E54 /* DALContext.swift in Sources */,
				D17EC73A1BFF10DB000BF158 /* ViewController.swift in Sources */,
				478037851C03C48700633E54 /* Service.swift in Sources */,
				478037861C03C48700633E54 /* UserService.swift in Sources */,
				4780377E1C03C44500633E54 /* Repository.swift in Sources */,
				D17EC7381BFF10DB000BF158 /* AppDelegate.swift in Sources */,
				478037771C03C42000633E54 /* User.swift in Sources */,
			);
			runOnlyForDeploymentPostprocessing = 0;
		};
/* End PBXSourcesBuildPhase section */

/* Begin PBXVariantGroup section */
		D17EC73B1BFF10DB000BF158 /* Main.storyboard */ = {
			isa = PBXVariantGroup;
			children = (
				D17EC73C1BFF10DB000BF158 /* Base */,
			);
			name = Main.storyboard;
			sourceTree = "<group>";
		};
		D17EC7401BFF10DB000BF158 /* LaunchScreen.storyboard */ = {
			isa = PBXVariantGroup;
			children = (
				D17EC7411BFF10DB000BF158 /* Base */,
			);
			name = LaunchScreen.storyboard;
			sourceTree = "<group>";
		};
/* End PBXVariantGroup section */

/* Begin XCBuildConfiguration section */
		D17EC7441BFF10DB000BF158 /* Debug */ = {
			isa = XCBuildConfiguration;
			buildSettings = {
				ALWAYS_SEARCH_USER_PATHS = NO;
				CLANG_CXX_LANGUAGE_STANDARD = "gnu++0x";
				CLANG_CXX_LIBRARY = "libc++";
				CLANG_ENABLE_MODULES = YES;
				CLANG_ENABLE_OBJC_ARC = YES;
				CLANG_WARN_BOOL_CONVERSION = YES;
				CLANG_WARN_CONSTANT_CONVERSION = YES;
				CLANG_WARN_DIRECT_OBJC_ISA_USAGE = YES_ERROR;
				CLANG_WARN_EMPTY_BODY = YES;
				CLANG_WARN_ENUM_CONVERSION = YES;
				CLANG_WARN_INT_CONVERSION = YES;
				CLANG_WARN_OBJC_ROOT_CLASS = YES_ERROR;
				CLANG_WARN_UNREACHABLE_CODE = YES;
				CLANG_WARN__DUPLICATE_METHOD_MATCH = YES;
				"CODE_SIGN_IDENTITY[sdk=iphoneos*]" = "iPhone Developer";
				COPY_PHASE_STRIP = NO;
				DEBUG_INFORMATION_FORMAT = dwarf;
				ENABLE_STRICT_OBJC_MSGSEND = YES;
				ENABLE_TESTABILITY = YES;
				GCC_C_LANGUAGE_STANDARD = gnu99;
				GCC_DYNAMIC_NO_PIC = NO;
				GCC_NO_COMMON_BLOCKS = YES;
				GCC_OPTIMIZATION_LEVEL = 0;
				GCC_PREPROCESSOR_DEFINITIONS = (
					"DEBUG=1",
					"$(inherited)",
				);
				GCC_WARN_64_TO_32_BIT_CONVERSION = YES;
				GCC_WARN_ABOUT_RETURN_TYPE = YES_ERROR;
				GCC_WARN_UNDECLARED_SELECTOR = YES;
				GCC_WARN_UNINITIALIZED_AUTOS = YES_AGGRESSIVE;
				GCC_WARN_UNUSED_FUNCTION = YES;
				GCC_WARN_UNUSED_VARIABLE = YES;
				IPHONEOS_DEPLOYMENT_TARGET = 9.0;
				MTL_ENABLE_DEBUG_INFO = YES;
				ONLY_ACTIVE_ARCH = YES;
				SDKROOT = iphoneos;
				SWIFT_OPTIMIZATION_LEVEL = "-Onone";
				TARGETED_DEVICE_FAMILY = "1,2";
			};
			name = Debug;
		};
		D17EC7451BFF10DB000BF158 /* Release */ = {
			isa = XCBuildConfiguration;
			buildSettings = {
				ALWAYS_SEARCH_USER_PATHS = NO;
				CLANG_CXX_LANGUAGE_STANDARD = "gnu++0x";
				CLANG_CXX_LIBRARY = "libc++";
				CLANG_ENABLE_MODULES = YES;
				CLANG_ENABLE_OBJC_ARC = YES;
				CLANG_WARN_BOOL_CONVERSION = YES;
				CLANG_WARN_CONSTANT_CONVERSION = YES;
				CLANG_WARN_DIRECT_OBJC_ISA_USAGE = YES_ERROR;
				CLANG_WARN_EMPTY_BODY = YES;
				CLANG_WARN_ENUM_CONVERSION = YES;
				CLANG_WARN_INT_CONVERSION = YES;
				CLANG_WARN_OBJC_ROOT_CLASS = YES_ERROR;
				CLANG_WARN_UNREACHABLE_CODE = YES;
				CLANG_WARN__DUPLICATE_METHOD_MATCH = YES;
				"CODE_SIGN_IDENTITY[sdk=iphoneos*]" = "iPhone Developer";
				COPY_PHASE_STRIP = NO;
				DEBUG_INFORMATION_FORMAT = "dwarf-with-dsym";
				ENABLE_NS_ASSERTIONS = NO;
				ENABLE_STRICT_OBJC_MSGSEND = YES;
				GCC_C_LANGUAGE_STANDARD = gnu99;
				GCC_NO_COMMON_BLOCKS = YES;
				GCC_WARN_64_TO_32_BIT_CONVERSION = YES;
				GCC_WARN_ABOUT_RETURN_TYPE = YES_ERROR;
				GCC_WARN_UNDECLARED_SELECTOR = YES;
				GCC_WARN_UNINITIALIZED_AUTOS = YES_AGGRESSIVE;
				GCC_WARN_UNUSED_FUNCTION = YES;
				GCC_WARN_UNUSED_VARIABLE = YES;
				IPHONEOS_DEPLOYMENT_TARGET = 9.0;
				MTL_ENABLE_DEBUG_INFO = NO;
				SDKROOT = iphoneos;
				TARGETED_DEVICE_FAMILY = "1,2";
				VALIDATE_PRODUCT = YES;
			};
			name = Release;
		};
		D17EC7471BFF10DB000BF158 /* Debug */ = {
			isa = XCBuildConfiguration;
			buildSettings = {
				ASSETCATALOG_COMPILER_APPICON_NAME = AppIcon;
				INFOPLIST_FILE = "swift-core-data-architecture/Info.plist";
				LD_RUNPATH_SEARCH_PATHS = "$(inherited) @executable_path/Frameworks";
				PRODUCT_BUNDLE_IDENTIFIER = "de.tum.in.www1.ios1516.swift-core-data-architecture";
				PRODUCT_NAME = "$(TARGET_NAME)";
			};
			name = Debug;
		};
		D17EC7481BFF10DB000BF158 /* Release */ = {
			isa = XCBuildConfiguration;
			buildSettings = {
				ASSETCATALOG_COMPILER_APPICON_NAME = AppIcon;
				INFOPLIST_FILE = "swift-core-data-architecture/Info.plist";
				LD_RUNPATH_SEARCH_PATHS = "$(inherited) @executable_path/Frameworks";
				PRODUCT_BUNDLE_IDENTIFIER = "de.tum.in.www1.ios1516.swift-core-data-architecture";
				PRODUCT_NAME = "$(TARGET_NAME)";
			};
			name = Release;
		};
/* End XCBuildConfiguration section */

/* Begin XCConfigurationList section */
		D17EC72F1BFF10DB000BF158 /* Build configuration list for PBXProject "swift-core-data-architecture" */ = {
			isa = XCConfigurationList;
			buildConfigurations = (
				D17EC7441BFF10DB000BF158 /* Debug */,
				D17EC7451BFF10DB000BF158 /* Release */,
			);
			defaultConfigurationIsVisible = 0;
			defaultConfigurationName = Release;
		};
		D17EC7461BFF10DB000BF158 /* Build configuration list for PBXNativeTarget "swift-core-data-architecture" */ = {
			isa = XCConfigurationList;
			buildConfigurations = (
				D17EC7471BFF10DB000BF158 /* Debug */,
				D17EC7481BFF10DB000BF158 /* Release */,
			);
			defaultConfigurationIsVisible = 0;
			defaultConfigurationName = Release;
		};
/* End XCConfigurationList section */

/* Begin XCVersionGroup section */
		478037731C03C42000633E54 /* DatabaseModel.xcdatamodeld */ = {
			isa = XCVersionGroup;
			children = (
				478037741C03C42000633E54 /* DatabaseModel.xcdatamodel */,
			);
			currentVersion = 478037741C03C42000633E54 /* DatabaseModel.xcdatamodel */;
			path = DatabaseModel.xcdatamodeld;
			sourceTree = "<group>";
			versionGroupType = wrapper.xcdatamodel;
		};
/* End XCVersionGroup section */
	};
	rootObject = D17EC72C1BFF10DB000BF158 /* Project object */;
}
